
Microsoft Visual Studio Solution File, Format Version 12.00
# Visual Studio Version 17
VisualStudioVersion = 17.4.33213.308
MinimumVisualStudioVersion = 10.0.40219.1
Project("{FAE04EC0-301F-11D3-BF4B-00C04F79EFBC}") = "BL", "BL\BL.csproj", "{042E76F4-0CB4-4544-9BA6-53C2378A3F53}"
EndProject
Project("{FAE04EC0-301F-11D3-BF4B-00C04F79EFBC}") = "DL", "DL\DL.csproj", "{7B0EAEDA-4296-47FB-A232-79841F56FA5C}"
EndProject
Project("{FAE04EC0-301F-11D3-BF4B-00C04F79EFBC}") = "ML", "ML\ML.csproj", "{C42402ED-CD90-4D57-9D5B-AC5F691CF694}"
EndProject
Project("{FAE04EC0-301F-11D3-BF4B-00C04F79EFBC}") = "PL", "PL\PL.csproj", "{F681C782-C592-4616-963E-DEE7B0A0CD91}"
EndProject
Project("{FAE04EC0-301F-11D3-BF4B-00C04F79EFBC}") = "SL", "SL\SL.csproj", "{7336EAF2-2684-4D46-985C-ED3F61A53515}"
EndProject
Global
	GlobalSection(SolutionConfigurationPlatforms) = preSolution
		Debug|Any CPU = Debug|Any CPU
		Release|Any CPU = Release|Any CPU
	EndGlobalSection
	GlobalSection(ProjectConfigurationPlatforms) = postSolution
		{042E76F4-0CB4-4544-9BA6-53C2378A3F53}.Debug|Any CPU.ActiveCfg = Debug|Any CPU
		{042E76F4-0CB4-4544-9BA6-53C2378A3F53}.Debug|Any CPU.Build.0 = Debug|Any CPU
		{042E76F4-0CB4-4544-9BA6-53C2378A3F53}.Release|Any CPU.ActiveCfg = Release|Any CPU
		{042E76F4-0CB4-4544-9BA6-53C2378A3F53}.Release|Any CPU.Build.0 = Release|Any CPU
		{7B0EAEDA-4296-47FB-A232-79841F56FA5C}.Debug|Any CPU.ActiveCfg = Debug|Any CPU
		{7B0EAEDA-4296-47FB-A232-79841F56FA5C}.Debug|Any CPU.Build.0 = Debug|Any CPU
		{7B0EAEDA-4296-47FB-A232-79841F56FA5C}.Release|Any CPU.ActiveCfg = Release|Any CPU
		{7B0EAEDA-4296-47FB-A232-79841F56FA5C}.Release|Any CPU.Build.0 = Release|Any CPU
		{C42402ED-CD90-4D57-9D5B-AC5F691CF694}.Debug|Any CPU.ActiveCfg = Debug|Any CPU
		{C42402ED-CD90-4D57-9D5B-AC5F691CF694}.Debug|Any CPU.Build.0 = Debug|Any CPU
		{C42402ED-CD90-4D57-9D5B-AC5F691CF694}.Release|Any CPU.ActiveCfg = Release|Any CPU
		{C42402ED-CD90-4D57-9D5B-AC5F691CF694}.Release|Any CPU.Build.0 = Release|Any CPU
		{F681C782-C592-4616-963E-DEE7B0A0CD91}.Debug|Any CPU.ActiveCfg = Debug|Any CPU
		{F681C782-C592-4616-963E-DEE7B0A0CD91}.Debug|Any CPU.Build.0 = Debug|Any CPU
		{F681C782-C592-4616-963E-DEE7B0A0CD91}.Release|Any CPU.ActiveCfg = Release|Any CPU
		{F681C782-C592-4616-963E-DEE7B0A0CD91}.Release|Any CPU.Build.0 = Release|Any CPU
		{7336EAF2-2684-4D46-985C-ED3F61A53515}.Debug|Any CPU.ActiveCfg = Debug|Any CPU
		{7336EAF2-2684-4D46-985C-ED3F61A53515}.Debug|Any CPU.Build.0 = Debug|Any CPU
		{7336EAF2-2684-4D46-985C-ED3F61A53515}.Release|Any CPU.ActiveCfg = Release|Any CPU
		{7336EAF2-2684-4D46-985C-ED3F61A53515}.Release|Any CPU.Build.0 = Release|Any CPU
	EndGlobalSection
	GlobalSection(SolutionProperties) = preSolution
		HideSolutionNode = FALSE
	EndGlobalSection
	GlobalSection(ExtensibilityGlobals) = postSolution
		SolutionGuid = {B82F8541-922F-4FB4-A23C-DAB98C0CDBC6}
	EndGlobalSection
EndGlobal
